
Microsoft Visual Studio Solution File, Format Version 12.00
# Visual Studio Version 17
VisualStudioVersion = 17.14.36212.18 d17.14
MinimumVisualStudioVersion = 10.0.40219.1
Project("{FAE04EC0-301F-11D3-BF4B-00C04F79EFBC}") = "PracticeWebAPI_Tuesday", "PracticeWebAPI_Tuesday\PracticeWebAPI_Tuesday.csproj", "{15A8F9E5-5A1A-469F-B892-A6AA73793693}"
EndProject
Global
	GlobalSection(SolutionConfigurationPlatforms) = preSolution
		Debug|Any CPU = Debug|Any CPU
		Release|Any CPU = Release|Any CPU
	EndGlobalSection
	GlobalSection(ProjectConfigurationPlatforms) = postSolution
		{15A8F9E5-5A1A-469F-B892-A6AA73793693}.Debug|Any CPU.ActiveCfg = Debug|Any CPU
		{15A8F9E5-5A1A-469F-B892-A6AA73793693}.Debug|Any CPU.Build.0 = Debug|Any CPU
		{15A8F9E5-5A1A-469F-B892-A6AA73793693}.Release|Any CPU.ActiveCfg = Release|Any CPU
		{15A8F9E5-5A1A-469F-B892-A6AA73793693}.Release|Any CPU.Build.0 = Release|Any CPU
	EndGlobalSection
	GlobalSection(SolutionProperties) = preSolution
		HideSolutionNode = FALSE
	EndGlobalSection
	GlobalSection(ExtensibilityGlobals) = postSolution
		SolutionGuid = {A04E5027-EFC2-487D-B49D-E61603E2ADA4}
	EndGlobalSection
EndGlobal
